
Microsoft Visual Studio Solution File, Format Version 12.00
# Visual Studio 14
VisualStudioVersion = 14.0.25420.1
MinimumVisualStudioVersion = 10.0.40219.1
Project("{FAE04EC0-301F-11D3-BF4B-00C04F79EFBC}") = "CHXDatabaseLibrary", "CHXDatabaseLibrary\CHXDatabaseLibrary.csproj", "{75EDA605-A9E7-45D6-A002-61F2DAAB9A18}"
EndProject
Project("{FAE04EC0-301F-11D3-BF4B-00C04F79EFBC}") = "Test", "Test\Test.csproj", "{6FDB67B3-6F33-4C77-9250-8059676E9B9E}"
EndProject
Project("{FAE04EC0-301F-11D3-BF4B-00C04F79EFBC}") = "CHXDataService", "CHXDataService\CHXDataService.csproj", "{679F4B49-3392-4D90-AD63-B6C080C3EF2A}"
EndProject
Project("{FAE04EC0-301F-11D3-BF4B-00C04F79EFBC}") = "CHXDataService.Api", "CHXDataService.Api\CHXDataService.Api.csproj", "{67AC1A65-D1B1-49C8-9F75-EA566C391CA5}"
EndProject
Project("{FAE04EC0-301F-11D3-BF4B-00C04F79EFBC}") = "CHXAuthenticate", "CHXAuthenticate\CHXAuthenticate.csproj", "{1576429F-6FB8-4AF3-AED6-A1A13CF03372}"
EndProject
Project("{FAE04EC0-301F-11D3-BF4B-00C04F79EFBC}") = "CHXConverter", "CHXConverter\CHXConverter.csproj", "{7EA1822D-2C5D-4C54-9B27-15A6C87071D2}"
EndProject
Project("{FAE04EC0-301F-11D3-BF4B-00C04F79EFBC}") = "CHXApiController", "CHXApiController\CHXApiController.csproj", "{A697E2DE-0698-4A35-AE76-E84336C7DD31}"
EndProject
Global
	GlobalSection(SolutionConfigurationPlatforms) = preSolution
		Debug|Any CPU = Debug|Any CPU
		Release|Any CPU = Release|Any CPU
	EndGlobalSection
	GlobalSection(ProjectConfigurationPlatforms) = postSolution
		{75EDA605-A9E7-45D6-A002-61F2DAAB9A18}.Debug|Any CPU.ActiveCfg = Debug|Any CPU
		{75EDA605-A9E7-45D6-A002-61F2DAAB9A18}.Debug|Any CPU.Build.0 = Debug|Any CPU
		{75EDA605-A9E7-45D6-A002-61F2DAAB9A18}.Release|Any CPU.ActiveCfg = Release|Any CPU
		{75EDA605-A9E7-45D6-A002-61F2DAAB9A18}.Release|Any CPU.Build.0 = Release|Any CPU
		{6FDB67B3-6F33-4C77-9250-8059676E9B9E}.Debug|Any CPU.ActiveCfg = Debug|Any CPU
		{6FDB67B3-6F33-4C77-9250-8059676E9B9E}.Debug|Any CPU.Build.0 = Debug|Any CPU
		{6FDB67B3-6F33-4C77-9250-8059676E9B9E}.Release|Any CPU.ActiveCfg = Release|Any CPU
		{6FDB67B3-6F33-4C77-9250-8059676E9B9E}.Release|Any CPU.Build.0 = Release|Any CPU
		{679F4B49-3392-4D90-AD63-B6C080C3EF2A}.Debug|Any CPU.ActiveCfg = Debug|Any CPU
		{679F4B49-3392-4D90-AD63-B6C080C3EF2A}.Debug|Any CPU.Build.0 = Debug|Any CPU
		{679F4B49-3392-4D90-AD63-B6C080C3EF2A}.Release|Any CPU.ActiveCfg = Release|Any CPU
		{679F4B49-3392-4D90-AD63-B6C080C3EF2A}.Release|Any CPU.Build.0 = Release|Any CPU
		{67AC1A65-D1B1-49C8-9F75-EA566C391CA5}.Debug|Any CPU.ActiveCfg = Debug|Any CPU
		{67AC1A65-D1B1-49C8-9F75-EA566C391CA5}.Debug|Any CPU.Build.0 = Debug|Any CPU
		{67AC1A65-D1B1-49C8-9F75-EA566C391CA5}.Release|Any CPU.ActiveCfg = Release|Any CPU
		{67AC1A65-D1B1-49C8-9F75-EA566C391CA5}.Release|Any CPU.Build.0 = Release|Any CPU
		{1576429F-6FB8-4AF3-AED6-A1A13CF03372}.Debug|Any CPU.ActiveCfg = Debug|Any CPU
		{1576429F-6FB8-4AF3-AED6-A1A13CF03372}.Debug|Any CPU.Build.0 = Debug|Any CPU
		{1576429F-6FB8-4AF3-AED6-A1A13CF03372}.Release|Any CPU.ActiveCfg = Release|Any CPU
		{1576429F-6FB8-4AF3-AED6-A1A13CF03372}.Release|Any CPU.Build.0 = Release|Any CPU
		{7EA1822D-2C5D-4C54-9B27-15A6C87071D2}.Debug|Any CPU.ActiveCfg = Debug|Any CPU
		{7EA1822D-2C5D-4C54-9B27-15A6C87071D2}.Debug|Any CPU.Build.0 = Debug|Any CPU
		{7EA1822D-2C5D-4C54-9B27-15A6C87071D2}.Release|Any CPU.ActiveCfg = Release|Any CPU
		{7EA1822D-2C5D-4C54-9B27-15A6C87071D2}.Release|Any CPU.Build.0 = Release|Any CPU
		{A697E2DE-0698-4A35-AE76-E84336C7DD31}.Debug|Any CPU.ActiveCfg = Debug|Any CPU
		{A697E2DE-0698-4A35-AE76-E84336C7DD31}.Debug|Any CPU.Build.0 = Debug|Any CPU
		{A697E2DE-0698-4A35-AE76-E84336C7DD31}.Release|Any CPU.ActiveCfg = Release|Any CPU
		{A697E2DE-0698-4A35-AE76-E84336C7DD31}.Release|Any CPU.Build.0 = Release|Any CPU
	EndGlobalSection
	GlobalSection(SolutionProperties) = preSolution
		HideSolutionNode = FALSE
	EndGlobalSection
EndGlobal
